
Microsoft Visual Studio Solution File, Format Version 12.00
# Visual Studio Version 16
VisualStudioVersion = 16.0.29418.71
MinimumVisualStudioVersion = 10.0.40219.1
Project("{2150E333-8FDC-42A3-9474-1A3956D46DE8}") = "src", "src", "{AFE5ED62-6EDE-429F-BB3D-FCADA528DD76}"
EndProject
Project("{2150E333-8FDC-42A3-9474-1A3956D46DE8}") = "test", "test", "{E0CB01B3-B89B-46ED-B66C-0DD01CD6E212}"
EndProject
Project("{9A19103F-16F7-4668-BE54-9A1E7A4F7556}") = "AutoFixture.NodaTime", "src\AutoFixture.NodaTime\AutoFixture.NodaTime.csproj", "{8610AD50-B6B8-403F-BAF3-A18089A91897}"
EndProject
Project("{9A19103F-16F7-4668-BE54-9A1E7A4F7556}") = "AutoFixture.Nodatime.Tests", "test\AutoFixture.NodaTime.Tests\AutoFixture.Nodatime.Tests.csproj", "{F9171C05-38B5-4534-B88D-67B2DF2AB514}"
EndProject
Global
	GlobalSection(SolutionConfigurationPlatforms) = preSolution
		Debug|Any CPU = Debug|Any CPU
		Release|Any CPU = Release|Any CPU
	EndGlobalSection
	GlobalSection(ProjectConfigurationPlatforms) = postSolution
		{8610AD50-B6B8-403F-BAF3-A18089A91897}.Debug|Any CPU.ActiveCfg = Debug|Any CPU
		{8610AD50-B6B8-403F-BAF3-A18089A91897}.Debug|Any CPU.Build.0 = Debug|Any CPU
		{8610AD50-B6B8-403F-BAF3-A18089A91897}.Release|Any CPU.ActiveCfg = Release|Any CPU
		{8610AD50-B6B8-403F-BAF3-A18089A91897}.Release|Any CPU.Build.0 = Release|Any CPU
		{F9171C05-38B5-4534-B88D-67B2DF2AB514}.Debug|Any CPU.ActiveCfg = Debug|Any CPU
		{F9171C05-38B5-4534-B88D-67B2DF2AB514}.Debug|Any CPU.Build.0 = Debug|Any CPU
		{F9171C05-38B5-4534-B88D-67B2DF2AB514}.Release|Any CPU.ActiveCfg = Release|Any CPU
		{F9171C05-38B5-4534-B88D-67B2DF2AB514}.Release|Any CPU.Build.0 = Release|Any CPU
	EndGlobalSection
	GlobalSection(SolutionProperties) = preSolution
		HideSolutionNode = FALSE
	EndGlobalSection
	GlobalSection(NestedProjects) = preSolution
		{8610AD50-B6B8-403F-BAF3-A18089A91897} = {AFE5ED62-6EDE-429F-BB3D-FCADA528DD76}
		{F9171C05-38B5-4534-B88D-67B2DF2AB514} = {E0CB01B3-B89B-46ED-B66C-0DD01CD6E212}
	EndGlobalSection
	GlobalSection(ExtensibilityGlobals) = postSolution
		SolutionGuid = {109A390A-3D25-409E-996F-3BDE5D321302}
	EndGlobalSection
EndGlobal
